
Microsoft Visual Studio Solution File, Format Version 12.00
# Visual Studio 15
VisualStudioVersion = 15.0.27130.2036
MinimumVisualStudioVersion = 10.0.40219.1
Project("{FAE04EC0-301F-11D3-BF4B-00C04F79EFBC}") = "UITests", "UITests\UITests.csproj", "{1428107C-8F7A-4F5C-82A7-CCC880B63D13}"
EndProject
Project("{9A19103F-16F7-4668-BE54-9A1E7A4F7556}") = "NTService", "NTService\NTService.csproj", "{842F6F09-D172-482A-AC66-951FB4B34AD4}"
EndProject
Project("{FAE04EC0-301F-11D3-BF4B-00C04F79EFBC}") = "NurseToolUnitTest", "NurseToolUnitTest\NurseToolUnitTest.csproj", "{797A90EE-AA62-46B0-BF8A-21AC68A0FEAD}"
EndProject
Project("{FAE04EC0-301F-11D3-BF4B-00C04F79EFBC}") = "NurseTool_Xamarin.Android", "..\NurseTool\NurseTool_Xamarin\NurseTool_Xamarin.Android\NurseTool_Xamarin.Android.csproj", "{5B1ADC94-4C44-42BB-8E37-F2C026531719}"
EndProject
Project("{FAE04EC0-301F-11D3-BF4B-00C04F79EFBC}") = "NurseTool_Xamarin.iOS", "..\NurseTool\NurseTool_Xamarin\NurseTool_Xamarin.iOS\NurseTool_Xamarin.iOS.csproj", "{78B925A0-91A6-4398-94E5-7C8F67311896}"
EndProject
Project("{FAE04EC0-301F-11D3-BF4B-00C04F79EFBC}") = "NurseTool_Xamarin.UWP", "..\NurseTool\NurseTool_Xamarin\NurseTool_Xamarin.UWP\NurseTool_Xamarin.UWP.csproj", "{DE631376-A180-4931-BFB4-089ED14E4825}"
EndProject
Project("{FAE04EC0-301F-11D3-BF4B-00C04F79EFBC}") = "NurseTool_Xamarin", "..\NurseTool\NurseTool_Xamarin\NurseTool_Xamarin\NurseTool_Xamarin.csproj", "{2FAEA06B-DBCA-4BD7-8BC5-B72EE15C5B53}"
EndProject
Global
	GlobalSection(SolutionConfigurationPlatforms) = preSolution
		Ad-Hoc|Any CPU = Ad-Hoc|Any CPU
		Ad-Hoc|ARM = Ad-Hoc|ARM
		Ad-Hoc|iPhone = Ad-Hoc|iPhone
		Ad-Hoc|iPhoneSimulator = Ad-Hoc|iPhoneSimulator
		Ad-Hoc|x64 = Ad-Hoc|x64
		Ad-Hoc|x86 = Ad-Hoc|x86
		AppStore|Any CPU = AppStore|Any CPU
		AppStore|ARM = AppStore|ARM
		AppStore|iPhone = AppStore|iPhone
		AppStore|iPhoneSimulator = AppStore|iPhoneSimulator
		AppStore|x64 = AppStore|x64
		AppStore|x86 = AppStore|x86
		Debug|Any CPU = Debug|Any CPU
		Debug|ARM = Debug|ARM
		Debug|iPhone = Debug|iPhone
		Debug|iPhoneSimulator = Debug|iPhoneSimulator
		Debug|x64 = Debug|x64
		Debug|x86 = Debug|x86
		Release|Any CPU = Release|Any CPU
		Release|ARM = Release|ARM
		Release|iPhone = Release|iPhone
		Release|iPhoneSimulator = Release|iPhoneSimulator
		Release|x64 = Release|x64
		Release|x86 = Release|x86
	EndGlobalSection
	GlobalSection(ProjectConfigurationPlatforms) = postSolution
		{1428107C-8F7A-4F5C-82A7-CCC880B63D13}.Ad-Hoc|Any CPU.ActiveCfg = Release|Any CPU
		{1428107C-8F7A-4F5C-82A7-CCC880B63D13}.Ad-Hoc|Any CPU.Build.0 = Release|Any CPU
		{1428107C-8F7A-4F5C-82A7-CCC880B63D13}.Ad-Hoc|ARM.ActiveCfg = Release|Any CPU
		{1428107C-8F7A-4F5C-82A7-CCC880B63D13}.Ad-Hoc|ARM.Build.0 = Release|Any CPU
		{1428107C-8F7A-4F5C-82A7-CCC880B63D13}.Ad-Hoc|iPhone.ActiveCfg = Release|Any CPU
		{1428107C-8F7A-4F5C-82A7-CCC880B63D13}.Ad-Hoc|iPhone.Build.0 = Release|Any CPU
		{1428107C-8F7A-4F5C-82A7-CCC880B63D13}.Ad-Hoc|iPhoneSimulator.ActiveCfg = Release|Any CPU
		{1428107C-8F7A-4F5C-82A7-CCC880B63D13}.Ad-Hoc|iPhoneSimulator.Build.0 = Release|Any CPU
		{1428107C-8F7A-4F5C-82A7-CCC880B63D13}.Ad-Hoc|x64.ActiveCfg = Release|Any CPU
		{1428107C-8F7A-4F5C-82A7-CCC880B63D13}.Ad-Hoc|x64.Build.0 = Release|Any CPU
		{1428107C-8F7A-4F5C-82A7-CCC880B63D13}.Ad-Hoc|x86.ActiveCfg = Release|Any CPU
		{1428107C-8F7A-4F5C-82A7-CCC880B63D13}.Ad-Hoc|x86.Build.0 = Release|Any CPU
		{1428107C-8F7A-4F5C-82A7-CCC880B63D13}.AppStore|Any CPU.ActiveCfg = Release|Any CPU
		{1428107C-8F7A-4F5C-82A7-CCC880B63D13}.AppStore|Any CPU.Build.0 = Release|Any CPU
		{1428107C-8F7A-4F5C-82A7-CCC880B63D13}.AppStore|ARM.ActiveCfg = Release|Any CPU
		{1428107C-8F7A-4F5C-82A7-CCC880B63D13}.AppStore|ARM.Build.0 = Release|Any CPU
		{1428107C-8F7A-4F5C-82A7-CCC880B63D13}.AppStore|iPhone.ActiveCfg = Release|Any CPU
		{1428107C-8F7A-4F5C-82A7-CCC880B63D13}.AppStore|iPhone.Build.0 = Release|Any CPU
		{1428107C-8F7A-4F5C-82A7-CCC880B63D13}.AppStore|iPhoneSimulator.ActiveCfg = Release|Any CPU
		{1428107C-8F7A-4F5C-82A7-CCC880B63D13}.AppStore|iPhoneSimulator.Build.0 = Release|Any CPU
		{1428107C-8F7A-4F5C-82A7-CCC880B63D13}.AppStore|x64.ActiveCfg = Release|Any CPU
		{1428107C-8F7A-4F5C-82A7-CCC880B63D13}.AppStore|x64.Build.0 = Release|Any CPU
		{1428107C-8F7A-4F5C-82A7-CCC880B63D13}.AppStore|x86.ActiveCfg = Release|Any CPU
		{1428107C-8F7A-4F5C-82A7-CCC880B63D13}.AppStore|x86.Build.0 = Release|Any CPU
		{1428107C-8F7A-4F5C-82A7-CCC880B63D13}.Debug|Any CPU.ActiveCfg = Debug|Any CPU
		{1428107C-8F7A-4F5C-82A7-CCC880B63D13}.Debug|Any CPU.Build.0 = Debug|Any CPU
		{1428107C-8F7A-4F5C-82A7-CCC880B63D13}.Debug|ARM.ActiveCfg = Debug|Any CPU
		{1428107C-8F7A-4F5C-82A7-CCC880B63D13}.Debug|ARM.Build.0 = Debug|Any CPU
		{1428107C-8F7A-4F5C-82A7-CCC880B63D13}.Debug|iPhone.ActiveCfg = Debug|Any CPU
		{1428107C-8F7A-4F5C-82A7-CCC880B63D13}.Debug|iPhone.Build.0 = Debug|Any CPU
		{1428107C-8F7A-4F5C-82A7-CCC880B63D13}.Debug|iPhoneSimulator.ActiveCfg = Debug|Any CPU
		{1428107C-8F7A-4F5C-82A7-CCC880B63D13}.Debug|iPhoneSimulator.Build.0 = Debug|Any CPU
		{1428107C-8F7A-4F5C-82A7-CCC880B63D13}.Debug|x64.ActiveCfg = Debug|Any CPU
		{1428107C-8F7A-4F5C-82A7-CCC880B63D13}.Debug|x64.Build.0 = Debug|Any CPU
		{1428107C-8F7A-4F5C-82A7-CCC880B63D13}.Debug|x86.ActiveCfg = Debug|Any CPU
		{1428107C-8F7A-4F5C-82A7-CCC880B63D13}.Debug|x86.Build.0 = Debug|Any CPU
		{1428107C-8F7A-4F5C-82A7-CCC880B63D13}.Release|Any CPU.ActiveCfg = Release|Any CPU
		{1428107C-8F7A-4F5C-82A7-CCC880B63D13}.Release|Any CPU.Build.0 = Release|Any CPU
		{1428107C-8F7A-4F5C-82A7-CCC880B63D13}.Release|ARM.ActiveCfg = Release|Any CPU
		{1428107C-8F7A-4F5C-82A7-CCC880B63D13}.Release|ARM.Build.0 = Release|Any CPU
		{1428107C-8F7A-4F5C-82A7-CCC880B63D13}.Release|iPhone.ActiveCfg = Release|Any CPU
		{1428107C-8F7A-4F5C-82A7-CCC880B63D13}.Release|iPhone.Build.0 = Release|Any CPU
		{1428107C-8F7A-4F5C-82A7-CCC880B63D13}.Release|iPhoneSimulator.ActiveCfg = Release|Any CPU
		{1428107C-8F7A-4F5C-82A7-CCC880B63D13}.Release|iPhoneSimulator.Build.0 = Release|Any CPU
		{1428107C-8F7A-4F5C-82A7-CCC880B63D13}.Release|x64.ActiveCfg = Release|Any CPU
		{1428107C-8F7A-4F5C-82A7-CCC880B63D13}.Release|x64.Build.0 = Release|Any CPU
		{1428107C-8F7A-4F5C-82A7-CCC880B63D13}.Release|x86.ActiveCfg = Release|Any CPU
		{1428107C-8F7A-4F5C-82A7-CCC880B63D13}.Release|x86.Build.0 = Release|Any CPU
		{842F6F09-D172-482A-AC66-951FB4B34AD4}.Ad-Hoc|Any CPU.ActiveCfg = Debug|Any CPU
		{842F6F09-D172-482A-AC66-951FB4B34AD4}.Ad-Hoc|Any CPU.Build.0 = Debug|Any CPU
		{842F6F09-D172-482A-AC66-951FB4B34AD4}.Ad-Hoc|ARM.ActiveCfg = Debug|Any CPU
		{842F6F09-D172-482A-AC66-951FB4B34AD4}.Ad-Hoc|ARM.Build.0 = Debug|Any CPU
		{842F6F09-D172-482A-AC66-951FB4B34AD4}.Ad-Hoc|iPhone.ActiveCfg = Debug|Any CPU
		{842F6F09-D172-482A-AC66-951FB4B34AD4}.Ad-Hoc|iPhone.Build.0 = Debug|Any CPU
		{842F6F09-D172-482A-AC66-951FB4B34AD4}.Ad-Hoc|iPhoneSimulator.ActiveCfg = Debug|Any CPU
		{842F6F09-D172-482A-AC66-951FB4B34AD4}.Ad-Hoc|iPhoneSimulator.Build.0 = Debug|Any CPU
		{842F6F09-D172-482A-AC66-951FB4B34AD4}.Ad-Hoc|x64.ActiveCfg = Debug|Any CPU
		{842F6F09-D172-482A-AC66-951FB4B34AD4}.Ad-Hoc|x64.Build.0 = Debug|Any CPU
		{842F6F09-D172-482A-AC66-951FB4B34AD4}.Ad-Hoc|x86.ActiveCfg = Debug|Any CPU
		{842F6F09-D172-482A-AC66-951FB4B34AD4}.Ad-Hoc|x86.Build.0 = Debug|Any CPU
		{842F6F09-D172-482A-AC66-951FB4B34AD4}.AppStore|Any CPU.ActiveCfg = Debug|Any CPU
		{842F6F09-D172-482A-AC66-951FB4B34AD4}.AppStore|Any CPU.Build.0 = Debug|Any CPU
		{842F6F09-D172-482A-AC66-951FB4B34AD4}.AppStore|ARM.ActiveCfg = Debug|Any CPU
		{842F6F09-D172-482A-AC66-951FB4B34AD4}.AppStore|ARM.Build.0 = Debug|Any CPU
		{842F6F09-D172-482A-AC66-951FB4B34AD4}.AppStore|iPhone.ActiveCfg = Debug|Any CPU
		{842F6F09-D172-482A-AC66-951FB4B34AD4}.AppStore|iPhone.Build.0 = Debug|Any CPU
		{842F6F09-D172-482A-AC66-951FB4B34AD4}.AppStore|iPhoneSimulator.ActiveCfg = Debug|Any CPU
		{842F6F09-D172-482A-AC66-951FB4B34AD4}.AppStore|iPhoneSimulator.Build.0 = Debug|Any CPU
		{842F6F09-D172-482A-AC66-951FB4B34AD4}.AppStore|x64.ActiveCfg = Debug|Any CPU
		{842F6F09-D172-482A-AC66-951FB4B34AD4}.AppStore|x64.Build.0 = Debug|Any CPU
		{842F6F09-D172-482A-AC66-951FB4B34AD4}.AppStore|x86.ActiveCfg = Debug|Any CPU
		{842F6F09-D172-482A-AC66-951FB4B34AD4}.AppStore|x86.Build.0 = Debug|Any CPU
		{842F6F09-D172-482A-AC66-951FB4B34AD4}.Debug|Any CPU.ActiveCfg = Debug|Any CPU
		{842F6F09-D172-482A-AC66-951FB4B34AD4}.Debug|Any CPU.Build.0 = Debug|Any CPU
		{842F6F09-D172-482A-AC66-951FB4B34AD4}.Debug|ARM.ActiveCfg = Debug|Any CPU
		{842F6F09-D172-482A-AC66-951FB4B34AD4}.Debug|ARM.Build.0 = Debug|Any CPU
		{842F6F09-D172-482A-AC66-951FB4B34AD4}.Debug|iPhone.ActiveCfg = Debug|Any CPU
		{842F6F09-D172-482A-AC66-951FB4B34AD4}.Debug|iPhone.Build.0 = Debug|Any CPU
		{842F6F09-D172-482A-AC66-951FB4B34AD4}.Debug|iPhoneSimulator.ActiveCfg = Debug|Any CPU
		{842F6F09-D172-482A-AC66-951FB4B34AD4}.Debug|iPhoneSimulator.Build.0 = Debug|Any CPU
		{842F6F09-D172-482A-AC66-951FB4B34AD4}.Debug|x64.ActiveCfg = Debug|Any CPU
		{842F6F09-D172-482A-AC66-951FB4B34AD4}.Debug|x64.Build.0 = Debug|Any CPU
		{842F6F09-D172-482A-AC66-951FB4B34AD4}.Debug|x86.ActiveCfg = Debug|Any CPU
		{842F6F09-D172-482A-AC66-951FB4B34AD4}.Debug|x86.Build.0 = Debug|Any CPU
		{842F6F09-D172-482A-AC66-951FB4B34AD4}.Release|Any CPU.ActiveCfg = Release|Any CPU
		{842F6F09-D172-482A-AC66-951FB4B34AD4}.Release|Any CPU.Build.0 = Release|Any CPU
		{842F6F09-D172-482A-AC66-951FB4B34AD4}.Release|ARM.ActiveCfg = Release|Any CPU
		{842F6F09-D172-482A-AC66-951FB4B34AD4}.Release|ARM.Build.0 = Release|Any CPU
		{842F6F09-D172-482A-AC66-951FB4B34AD4}.Release|iPhone.ActiveCfg = Release|Any CPU
		{842F6F09-D172-482A-AC66-951FB4B34AD4}.Release|iPhone.Build.0 = Release|Any CPU
		{842F6F09-D172-482A-AC66-951FB4B34AD4}.Release|iPhoneSimulator.ActiveCfg = Release|Any CPU
		{842F6F09-D172-482A-AC66-951FB4B34AD4}.Release|iPhoneSimulator.Build.0 = Release|Any CPU
		{842F6F09-D172-482A-AC66-951FB4B34AD4}.Release|x64.ActiveCfg = Release|Any CPU
		{842F6F09-D172-482A-AC66-951FB4B34AD4}.Release|x64.Build.0 = Release|Any CPU
		{842F6F09-D172-482A-AC66-951FB4B34AD4}.Release|x86.ActiveCfg = Release|Any CPU
		{842F6F09-D172-482A-AC66-951FB4B34AD4}.Release|x86.Build.0 = Release|Any CPU
		{797A90EE-AA62-46B0-BF8A-21AC68A0FEAD}.Ad-Hoc|Any CPU.ActiveCfg = Release|Any CPU
		{797A90EE-AA62-46B0-BF8A-21AC68A0FEAD}.Ad-Hoc|Any CPU.Build.0 = Release|Any CPU
		{797A90EE-AA62-46B0-BF8A-21AC68A0FEAD}.Ad-Hoc|ARM.ActiveCfg = Release|Any CPU
		{797A90EE-AA62-46B0-BF8A-21AC68A0FEAD}.Ad-Hoc|ARM.Build.0 = Release|Any CPU
		{797A90EE-AA62-46B0-BF8A-21AC68A0FEAD}.Ad-Hoc|iPhone.ActiveCfg = Release|Any CPU
		{797A90EE-AA62-46B0-BF8A-21AC68A0FEAD}.Ad-Hoc|iPhone.Build.0 = Release|Any CPU
		{797A90EE-AA62-46B0-BF8A-21AC68A0FEAD}.Ad-Hoc|iPhoneSimulator.ActiveCfg = Release|Any CPU
		{797A90EE-AA62-46B0-BF8A-21AC68A0FEAD}.Ad-Hoc|iPhoneSimulator.Build.0 = Release|Any CPU
		{797A90EE-AA62-46B0-BF8A-21AC68A0FEAD}.Ad-Hoc|x64.ActiveCfg = Release|Any CPU
		{797A90EE-AA62-46B0-BF8A-21AC68A0FEAD}.Ad-Hoc|x64.Build.0 = Release|Any CPU
		{797A90EE-AA62-46B0-BF8A-21AC68A0FEAD}.Ad-Hoc|x86.ActiveCfg = Release|Any CPU
		{797A90EE-AA62-46B0-BF8A-21AC68A0FEAD}.Ad-Hoc|x86.Build.0 = Release|Any CPU
		{797A90EE-AA62-46B0-BF8A-21AC68A0FEAD}.AppStore|Any CPU.ActiveCfg = Release|Any CPU
		{797A90EE-AA62-46B0-BF8A-21AC68A0FEAD}.AppStore|Any CPU.Build.0 = Release|Any CPU
		{797A90EE-AA62-46B0-BF8A-21AC68A0FEAD}.AppStore|ARM.ActiveCfg = Release|Any CPU
		{797A90EE-AA62-46B0-BF8A-21AC68A0FEAD}.AppStore|ARM.Build.0 = Release|Any CPU
		{797A90EE-AA62-46B0-BF8A-21AC68A0FEAD}.AppStore|iPhone.ActiveCfg = Release|Any CPU
		{797A90EE-AA62-46B0-BF8A-21AC68A0FEAD}.AppStore|iPhone.Build.0 = Release|Any CPU
		{797A90EE-AA62-46B0-BF8A-21AC68A0FEAD}.AppStore|iPhoneSimulator.ActiveCfg = Release|Any CPU
		{797A90EE-AA62-46B0-BF8A-21AC68A0FEAD}.AppStore|iPhoneSimulator.Build.0 = Release|Any CPU
		{797A90EE-AA62-46B0-BF8A-21AC68A0FEAD}.AppStore|x64.ActiveCfg = Release|Any CPU
		{797A90EE-AA62-46B0-BF8A-21AC68A0FEAD}.AppStore|x64.Build.0 = Release|Any CPU
		{797A90EE-AA62-46B0-BF8A-21AC68A0FEAD}.AppStore|x86.ActiveCfg = Release|Any CPU
		{797A90EE-AA62-46B0-BF8A-21AC68A0FEAD}.AppStore|x86.Build.0 = Release|Any CPU
		{797A90EE-AA62-46B0-BF8A-21AC68A0FEAD}.Debug|Any CPU.ActiveCfg = Debug|Any CPU
		{797A90EE-AA62-46B0-BF8A-21AC68A0FEAD}.Debug|Any CPU.Build.0 = Debug|Any CPU
		{797A90EE-AA62-46B0-BF8A-21AC68A0FEAD}.Debug|ARM.ActiveCfg = Debug|Any CPU
		{797A90EE-AA62-46B0-BF8A-21AC68A0FEAD}.Debug|ARM.Build.0 = Debug|Any CPU
		{797A90EE-AA62-46B0-BF8A-21AC68A0FEAD}.Debug|iPhone.ActiveCfg = Debug|Any CPU
		{797A90EE-AA62-46B0-BF8A-21AC68A0FEAD}.Debug|iPhone.Build.0 = Debug|Any CPU
		{797A90EE-AA62-46B0-BF8A-21AC68A0FEAD}.Debug|iPhoneSimulator.ActiveCfg = Debug|Any CPU
		{797A90EE-AA62-46B0-BF8A-21AC68A0FEAD}.Debug|iPhoneSimulator.Build.0 = Debug|Any CPU
		{797A90EE-AA62-46B0-BF8A-21AC68A0FEAD}.Debug|x64.ActiveCfg = Debug|Any CPU
		{797A90EE-AA62-46B0-BF8A-21AC68A0FEAD}.Debug|x64.Build.0 = Debug|Any CPU
		{797A90EE-AA62-46B0-BF8A-21AC68A0FEAD}.Debug|x86.ActiveCfg = Debug|Any CPU
		{797A90EE-AA62-46B0-BF8A-21AC68A0FEAD}.Debug|x86.Build.0 = Debug|Any CPU
		{797A90EE-AA62-46B0-BF8A-21AC68A0FEAD}.Release|Any CPU.ActiveCfg = Release|Any CPU
		{797A90EE-AA62-46B0-BF8A-21AC68A0FEAD}.Release|Any CPU.Build.0 = Release|Any CPU
		{797A90EE-AA62-46B0-BF8A-21AC68A0FEAD}.Release|ARM.ActiveCfg = Release|Any CPU
		{797A90EE-AA62-46B0-BF8A-21AC68A0FEAD}.Release|ARM.Build.0 = Release|Any CPU
		{797A90EE-AA62-46B0-BF8A-21AC68A0FEAD}.Release|iPhone.ActiveCfg = Release|Any CPU
		{797A90EE-AA62-46B0-BF8A-21AC68A0FEAD}.Release|iPhone.Build.0 = Release|Any CPU
		{797A90EE-AA62-46B0-BF8A-21AC68A0FEAD}.Release|iPhoneSimulator.ActiveCfg = Release|Any CPU
		{797A90EE-AA62-46B0-BF8A-21AC68A0FEAD}.Release|iPhoneSimulator.Build.0 = Release|Any CPU
		{797A90EE-AA62-46B0-BF8A-21AC68A0FEAD}.Release|x64.ActiveCfg = Release|Any CPU
		{797A90EE-AA62-46B0-BF8A-21AC68A0FEAD}.Release|x64.Build.0 = Release|Any CPU
		{797A90EE-AA62-46B0-BF8A-21AC68A0FEAD}.Release|x86.ActiveCfg = Release|Any CPU
		{797A90EE-AA62-46B0-BF8A-21AC68A0FEAD}.Release|x86.Build.0 = Release|Any CPU
		{5B1ADC94-4C44-42BB-8E37-F2C026531719}.Ad-Hoc|Any CPU.ActiveCfg = Release|Any CPU
		{5B1ADC94-4C44-42BB-8E37-F2C026531719}.Ad-Hoc|Any CPU.Build.0 = Release|Any CPU
		{5B1ADC94-4C44-42BB-8E37-F2C026531719}.Ad-Hoc|Any CPU.Deploy.0 = Release|Any CPU
		{5B1ADC94-4C44-42BB-8E37-F2C026531719}.Ad-Hoc|ARM.ActiveCfg = Release|Any CPU
		{5B1ADC94-4C44-42BB-8E37-F2C026531719}.Ad-Hoc|ARM.Build.0 = Release|Any CPU
		{5B1ADC94-4C44-42BB-8E37-F2C026531719}.Ad-Hoc|ARM.Deploy.0 = Release|Any CPU
		{5B1ADC94-4C44-42BB-8E37-F2C026531719}.Ad-Hoc|iPhone.ActiveCfg = Release|Any CPU
		{5B1ADC94-4C44-42BB-8E37-F2C026531719}.Ad-Hoc|iPhone.Build.0 = Release|Any CPU
		{5B1ADC94-4C44-42BB-8E37-F2C026531719}.Ad-Hoc|iPhone.Deploy.0 = Release|Any CPU
		{5B1ADC94-4C44-42BB-8E37-F2C026531719}.Ad-Hoc|iPhoneSimulator.ActiveCfg = Release|Any CPU
		{5B1ADC94-4C44-42BB-8E37-F2C026531719}.Ad-Hoc|iPhoneSimulator.Build.0 = Release|Any CPU
		{5B1ADC94-4C44-42BB-8E37-F2C026531719}.Ad-Hoc|iPhoneSimulator.Deploy.0 = Release|Any CPU
		{5B1ADC94-4C44-42BB-8E37-F2C026531719}.Ad-Hoc|x64.ActiveCfg = Release|Any CPU
		{5B1ADC94-4C44-42BB-8E37-F2C026531719}.Ad-Hoc|x64.Build.0 = Release|Any CPU
		{5B1ADC94-4C44-42BB-8E37-F2C026531719}.Ad-Hoc|x64.Deploy.0 = Release|Any CPU
		{5B1ADC94-4C44-42BB-8E37-F2C026531719}.Ad-Hoc|x86.ActiveCfg = Release|Any CPU
		{5B1ADC94-4C44-42BB-8E37-F2C026531719}.Ad-Hoc|x86.Build.0 = Release|Any CPU
		{5B1ADC94-4C44-42BB-8E37-F2C026531719}.Ad-Hoc|x86.Deploy.0 = Release|Any CPU
		{5B1ADC94-4C44-42BB-8E37-F2C026531719}.AppStore|Any CPU.ActiveCfg = Release|Any CPU
		{5B1ADC94-4C44-42BB-8E37-F2C026531719}.AppStore|Any CPU.Build.0 = Release|Any CPU
		{5B1ADC94-4C44-42BB-8E37-F2C026531719}.AppStore|Any CPU.Deploy.0 = Release|Any CPU
		{5B1ADC94-4C44-42BB-8E37-F2C026531719}.AppStore|ARM.ActiveCfg = Release|Any CPU
		{5B1ADC94-4C44-42BB-8E37-F2C026531719}.AppStore|ARM.Build.0 = Release|Any CPU
		{5B1ADC94-4C44-42BB-8E37-F2C026531719}.AppStore|ARM.Deploy.0 = Release|Any CPU
		{5B1ADC94-4C44-42BB-8E37-F2C026531719}.AppStore|iPhone.ActiveCfg = Release|Any CPU
		{5B1ADC94-4C44-42BB-8E37-F2C026531719}.AppStore|iPhone.Build.0 = Release|Any CPU
		{5B1ADC94-4C44-42BB-8E37-F2C026531719}.AppStore|iPhone.Deploy.0 = Release|Any CPU
		{5B1ADC94-4C44-42BB-8E37-F2C026531719}.AppStore|iPhoneSimulator.ActiveCfg = Release|Any CPU
		{5B1ADC94-4C44-42BB-8E37-F2C026531719}.AppStore|iPhoneSimulator.Build.0 = Release|Any CPU
		{5B1ADC94-4C44-42BB-8E37-F2C026531719}.AppStore|iPhoneSimulator.Deploy.0 = Release|Any CPU
		{5B1ADC94-4C44-42BB-8E37-F2C026531719}.AppStore|x64.ActiveCfg = Release|Any CPU
		{5B1ADC94-4C44-42BB-8E37-F2C026531719}.AppStore|x64.Build.0 = Release|Any CPU
		{5B1ADC94-4C44-42BB-8E37-F2C026531719}.AppStore|x64.Deploy.0 = Release|Any CPU
		{5B1ADC94-4C44-42BB-8E37-F2C026531719}.AppStore|x86.ActiveCfg = Release|Any CPU
		{5B1ADC94-4C44-42BB-8E37-F2C026531719}.AppStore|x86.Build.0 = Release|Any CPU
		{5B1ADC94-4C44-42BB-8E37-F2C026531719}.AppStore|x86.Deploy.0 = Release|Any CPU
		{5B1ADC94-4C44-42BB-8E37-F2C026531719}.Debug|Any CPU.ActiveCfg = Debug|Any CPU
		{5B1ADC94-4C44-42BB-8E37-F2C026531719}.Debug|Any CPU.Build.0 = Debug|Any CPU
		{5B1ADC94-4C44-42BB-8E37-F2C026531719}.Debug|Any CPU.Deploy.0 = Debug|Any CPU
		{5B1ADC94-4C44-42BB-8E37-F2C026531719}.Debug|ARM.ActiveCfg = Debug|Any CPU
		{5B1ADC94-4C44-42BB-8E37-F2C026531719}.Debug|ARM.Build.0 = Debug|Any CPU
		{5B1ADC94-4C44-42BB-8E37-F2C026531719}.Debug|ARM.Deploy.0 = Debug|Any CPU
		{5B1ADC94-4C44-42BB-8E37-F2C026531719}.Debug|iPhone.ActiveCfg = Debug|Any CPU
		{5B1ADC94-4C44-42BB-8E37-F2C026531719}.Debug|iPhone.Build.0 = Debug|Any CPU
		{5B1ADC94-4C44-42BB-8E37-F2C026531719}.Debug|iPhone.Deploy.0 = Debug|Any CPU
		{5B1ADC94-4C44-42BB-8E37-F2C026531719}.Debug|iPhoneSimulator.ActiveCfg = Debug|Any CPU
		{5B1ADC94-4C44-42BB-8E37-F2C026531719}.Debug|iPhoneSimulator.Build.0 = Debug|Any CPU
		{5B1ADC94-4C44-42BB-8E37-F2C026531719}.Debug|iPhoneSimulator.Deploy.0 = Debug|Any CPU
		{5B1ADC94-4C44-42BB-8E37-F2C026531719}.Debug|x64.ActiveCfg = Debug|Any CPU
		{5B1ADC94-4C44-42BB-8E37-F2C026531719}.Debug|x64.Build.0 = Debug|Any CPU
		{5B1ADC94-4C44-42BB-8E37-F2C026531719}.Debug|x64.Deploy.0 = Debug|Any CPU
		{5B1ADC94-4C44-42BB-8E37-F2C026531719}.Debug|x86.ActiveCfg = Debug|Any CPU
		{5B1ADC94-4C44-42BB-8E37-F2C026531719}.Debug|x86.Build.0 = Debug|Any CPU
		{5B1ADC94-4C44-42BB-8E37-F2C026531719}.Debug|x86.Deploy.0 = Debug|Any CPU
		{5B1ADC94-4C44-42BB-8E37-F2C026531719}.Release|Any CPU.ActiveCfg = Release|Any CPU
		{5B1ADC94-4C44-42BB-8E37-F2C026531719}.Release|Any CPU.Build.0 = Release|Any CPU
		{5B1ADC94-4C44-42BB-8E37-F2C026531719}.Release|Any CPU.Deploy.0 = Release|Any CPU
		{5B1ADC94-4C44-42BB-8E37-F2C026531719}.Release|ARM.ActiveCfg = Release|Any CPU
		{5B1ADC94-4C44-42BB-8E37-F2C026531719}.Release|ARM.Build.0 = Release|Any CPU
		{5B1ADC94-4C44-42BB-8E37-F2C026531719}.Release|ARM.Deploy.0 = Release|Any CPU
		{5B1ADC94-4C44-42BB-8E37-F2C026531719}.Release|iPhone.ActiveCfg = Release|Any CPU
		{5B1ADC94-4C44-42BB-8E37-F2C026531719}.Release|iPhone.Build.0 = Release|Any CPU
		{5B1ADC94-4C44-42BB-8E37-F2C026531719}.Release|iPhone.Deploy.0 = Release|Any CPU
		{5B1ADC94-4C44-42BB-8E37-F2C026531719}.Release|iPhoneSimulator.ActiveCfg = Release|Any CPU
		{5B1ADC94-4C44-42BB-8E37-F2C026531719}.Release|iPhoneSimulator.Build.0 = Release|Any CPU
		{5B1ADC94-4C44-42BB-8E37-F2C026531719}.Release|iPhoneSimulator.Deploy.0 = Release|Any CPU
		{5B1ADC94-4C44-42BB-8E37-F2C026531719}.Release|x64.ActiveCfg = Release|Any CPU
		{5B1ADC94-4C44-42BB-8E37-F2C026531719}.Release|x64.Build.0 = Release|Any CPU
		{5B1ADC94-4C44-42BB-8E37-F2C026531719}.Release|x64.Deploy.0 = Release|Any CPU
		{5B1ADC94-4C44-42BB-8E37-F2C026531719}.Release|x86.ActiveCfg = Release|Any CPU
		{5B1ADC94-4C44-42BB-8E37-F2C026531719}.Release|x86.Build.0 = Release|Any CPU
		{5B1ADC94-4C44-42BB-8E37-F2C026531719}.Release|x86.Deploy.0 = Release|Any CPU
		{78B925A0-91A6-4398-94E5-7C8F67311896}.Ad-Hoc|Any CPU.ActiveCfg = Ad-Hoc|iPhone
		{78B925A0-91A6-4398-94E5-7C8F67311896}.Ad-Hoc|ARM.ActiveCfg = Ad-Hoc|iPhone
		{78B925A0-91A6-4398-94E5-7C8F67311896}.Ad-Hoc|iPhone.ActiveCfg = Ad-Hoc|iPhone
		{78B925A0-91A6-4398-94E5-7C8F67311896}.Ad-Hoc|iPhone.Build.0 = Ad-Hoc|iPhone
		{78B925A0-91A6-4398-94E5-7C8F67311896}.Ad-Hoc|iPhoneSimulator.ActiveCfg = Ad-Hoc|iPhoneSimulator
		{78B925A0-91A6-4398-94E5-7C8F67311896}.Ad-Hoc|iPhoneSimulator.Build.0 = Ad-Hoc|iPhoneSimulator
		{78B925A0-91A6-4398-94E5-7C8F67311896}.Ad-Hoc|x64.ActiveCfg = Ad-Hoc|iPhone
		{78B925A0-91A6-4398-94E5-7C8F67311896}.Ad-Hoc|x86.ActiveCfg = Ad-Hoc|iPhone
		{78B925A0-91A6-4398-94E5-7C8F67311896}.AppStore|Any CPU.ActiveCfg = AppStore|iPhone
		{78B925A0-91A6-4398-94E5-7C8F67311896}.AppStore|ARM.ActiveCfg = AppStore|iPhone
		{78B925A0-91A6-4398-94E5-7C8F67311896}.AppStore|iPhone.ActiveCfg = AppStore|iPhone
		{78B925A0-91A6-4398-94E5-7C8F67311896}.AppStore|iPhone.Build.0 = AppStore|iPhone
		{78B925A0-91A6-4398-94E5-7C8F67311896}.AppStore|iPhoneSimulator.ActiveCfg = AppStore|iPhoneSimulator
		{78B925A0-91A6-4398-94E5-7C8F67311896}.AppStore|iPhoneSimulator.Build.0 = AppStore|iPhoneSimulator
		{78B925A0-91A6-4398-94E5-7C8F67311896}.AppStore|x64.ActiveCfg = AppStore|iPhone
		{78B925A0-91A6-4398-94E5-7C8F67311896}.AppStore|x86.ActiveCfg = AppStore|iPhone
		{78B925A0-91A6-4398-94E5-7C8F67311896}.Debug|Any CPU.ActiveCfg = Debug|iPhone
		{78B925A0-91A6-4398-94E5-7C8F67311896}.Debug|ARM.ActiveCfg = Debug|iPhone
		{78B925A0-91A6-4398-94E5-7C8F67311896}.Debug|iPhone.ActiveCfg = Debug|iPhone
		{78B925A0-91A6-4398-94E5-7C8F67311896}.Debug|iPhone.Build.0 = Debug|iPhone
		{78B925A0-91A6-4398-94E5-7C8F67311896}.Debug|iPhoneSimulator.ActiveCfg = Debug|iPhoneSimulator
		{78B925A0-91A6-4398-94E5-7C8F67311896}.Debug|iPhoneSimulator.Build.0 = Debug|iPhoneSimulator
		{78B925A0-91A6-4398-94E5-7C8F67311896}.Debug|x64.ActiveCfg = Debug|iPhone
		{78B925A0-91A6-4398-94E5-7C8F67311896}.Debug|x86.ActiveCfg = Debug|iPhone
		{78B925A0-91A6-4398-94E5-7C8F67311896}.Release|Any CPU.ActiveCfg = Release|iPhone
		{78B925A0-91A6-4398-94E5-7C8F67311896}.Release|ARM.ActiveCfg = Release|iPhone
		{78B925A0-91A6-4398-94E5-7C8F67311896}.Release|iPhone.ActiveCfg = Release|iPhone
		{78B925A0-91A6-4398-94E5-7C8F67311896}.Release|iPhone.Build.0 = Release|iPhone
		{78B925A0-91A6-4398-94E5-7C8F67311896}.Release|iPhoneSimulator.ActiveCfg = Release|iPhoneSimulator
		{78B925A0-91A6-4398-94E5-7C8F67311896}.Release|iPhoneSimulator.Build.0 = Release|iPhoneSimulator
		{78B925A0-91A6-4398-94E5-7C8F67311896}.Release|x64.ActiveCfg = Release|iPhone
		{78B925A0-91A6-4398-94E5-7C8F67311896}.Release|x86.ActiveCfg = Release|iPhone
		{DE631376-A180-4931-BFB4-089ED14E4825}.Ad-Hoc|Any CPU.ActiveCfg = Release|x86
		{DE631376-A180-4931-BFB4-089ED14E4825}.Ad-Hoc|Any CPU.Build.0 = Release|x86
		{DE631376-A180-4931-BFB4-089ED14E4825}.Ad-Hoc|Any CPU.Deploy.0 = Release|x86
		{DE631376-A180-4931-BFB4-089ED14E4825}.Ad-Hoc|ARM.ActiveCfg = Release|ARM
		{DE631376-A180-4931-BFB4-089ED14E4825}.Ad-Hoc|ARM.Build.0 = Release|ARM
		{DE631376-A180-4931-BFB4-089ED14E4825}.Ad-Hoc|ARM.Deploy.0 = Release|ARM
		{DE631376-A180-4931-BFB4-089ED14E4825}.Ad-Hoc|iPhone.ActiveCfg = Release|x86
		{DE631376-A180-4931-BFB4-089ED14E4825}.Ad-Hoc|iPhone.Build.0 = Release|x86
		{DE631376-A180-4931-BFB4-089ED14E4825}.Ad-Hoc|iPhone.Deploy.0 = Release|x86
		{DE631376-A180-4931-BFB4-089ED14E4825}.Ad-Hoc|iPhoneSimulator.ActiveCfg = Release|x86
		{DE631376-A180-4931-BFB4-089ED14E4825}.Ad-Hoc|iPhoneSimulator.Build.0 = Release|x86
		{DE631376-A180-4931-BFB4-089ED14E4825}.Ad-Hoc|iPhoneSimulator.Deploy.0 = Release|x86
		{DE631376-A180-4931-BFB4-089ED14E4825}.Ad-Hoc|x64.ActiveCfg = Release|x64
		{DE631376-A180-4931-BFB4-089ED14E4825}.Ad-Hoc|x64.Build.0 = Release|x64
		{DE631376-A180-4931-BFB4-089ED14E4825}.Ad-Hoc|x64.Deploy.0 = Release|x64
		{DE631376-A180-4931-BFB4-089ED14E4825}.Ad-Hoc|x86.ActiveCfg = Release|x86
		{DE631376-A180-4931-BFB4-089ED14E4825}.Ad-Hoc|x86.Build.0 = Release|x86
		{DE631376-A180-4931-BFB4-089ED14E4825}.Ad-Hoc|x86.Deploy.0 = Release|x86
		{DE631376-A180-4931-BFB4-089ED14E4825}.AppStore|Any CPU.ActiveCfg = Release|x86
		{DE631376-A180-4931-BFB4-089ED14E4825}.AppStore|Any CPU.Build.0 = Release|x86
		{DE631376-A180-4931-BFB4-089ED14E4825}.AppStore|Any CPU.Deploy.0 = Release|x86
		{DE631376-A180-4931-BFB4-089ED14E4825}.AppStore|ARM.ActiveCfg = Release|ARM
		{DE631376-A180-4931-BFB4-089ED14E4825}.AppStore|ARM.Build.0 = Release|ARM
		{DE631376-A180-4931-BFB4-089ED14E4825}.AppStore|ARM.Deploy.0 = Release|ARM
		{DE631376-A180-4931-BFB4-089ED14E4825}.AppStore|iPhone.ActiveCfg = Release|x86
		{DE631376-A180-4931-BFB4-089ED14E4825}.AppStore|iPhone.Build.0 = Release|x86
		{DE631376-A180-4931-BFB4-089ED14E4825}.AppStore|iPhone.Deploy.0 = Release|x86
		{DE631376-A180-4931-BFB4-089ED14E4825}.AppStore|iPhoneSimulator.ActiveCfg = Release|x86
		{DE631376-A180-4931-BFB4-089ED14E4825}.AppStore|iPhoneSimulator.Build.0 = Release|x86
		{DE631376-A180-4931-BFB4-089ED14E4825}.AppStore|iPhoneSimulator.Deploy.0 = Release|x86
		{DE631376-A180-4931-BFB4-089ED14E4825}.AppStore|x64.ActiveCfg = Release|x64
		{DE631376-A180-4931-BFB4-089ED14E4825}.AppStore|x64.Build.0 = Release|x64
		{DE631376-A180-4931-BFB4-089ED14E4825}.AppStore|x64.Deploy.0 = Release|x64
		{DE631376-A180-4931-BFB4-089ED14E4825}.AppStore|x86.ActiveCfg = Release|x86
		{DE631376-A180-4931-BFB4-089ED14E4825}.AppStore|x86.Build.0 = Release|x86
		{DE631376-A180-4931-BFB4-089ED14E4825}.AppStore|x86.Deploy.0 = Release|x86
		{DE631376-A180-4931-BFB4-089ED14E4825}.Debug|Any CPU.ActiveCfg = Debug|x86
		{DE631376-A180-4931-BFB4-089ED14E4825}.Debug|ARM.ActiveCfg = Debug|ARM
		{DE631376-A180-4931-BFB4-089ED14E4825}.Debug|ARM.Build.0 = Debug|ARM
		{DE631376-A180-4931-BFB4-089ED14E4825}.Debug|ARM.Deploy.0 = Debug|ARM
		{DE631376-A180-4931-BFB4-089ED14E4825}.Debug|iPhone.ActiveCfg = Debug|x86
		{DE631376-A180-4931-BFB4-089ED14E4825}.Debug|iPhoneSimulator.ActiveCfg = Debug|x86
		{DE631376-A180-4931-BFB4-089ED14E4825}.Debug|x64.ActiveCfg = Debug|x64
		{DE631376-A180-4931-BFB4-089ED14E4825}.Debug|x64.Build.0 = Debug|x64
		{DE631376-A180-4931-BFB4-089ED14E4825}.Debug|x64.Deploy.0 = Debug|x64
		{DE631376-A180-4931-BFB4-089ED14E4825}.Debug|x86.ActiveCfg = Debug|x86
		{DE631376-A180-4931-BFB4-089ED14E4825}.Debug|x86.Build.0 = Debug|x86
		{DE631376-A180-4931-BFB4-089ED14E4825}.Debug|x86.Deploy.0 = Debug|x86
		{DE631376-A180-4931-BFB4-089ED14E4825}.Release|Any CPU.ActiveCfg = Release|x86
		{DE631376-A180-4931-BFB4-089ED14E4825}.Release|ARM.ActiveCfg = Release|ARM
		{DE631376-A180-4931-BFB4-089ED14E4825}.Release|ARM.Build.0 = Release|ARM
		{DE631376-A180-4931-BFB4-089ED14E4825}.Release|ARM.Deploy.0 = Release|ARM
		{DE631376-A180-4931-BFB4-089ED14E4825}.Release|iPhone.ActiveCfg = Release|x86
		{DE631376-A180-4931-BFB4-089ED14E4825}.Release|iPhoneSimulator.ActiveCfg = Release|x86
		{DE631376-A180-4931-BFB4-089ED14E4825}.Release|x64.ActiveCfg = Release|x64
		{DE631376-A180-4931-BFB4-089ED14E4825}.Release|x64.Build.0 = Release|x64
		{DE631376-A180-4931-BFB4-089ED14E4825}.Release|x64.Deploy.0 = Release|x64
		{DE631376-A180-4931-BFB4-089ED14E4825}.Release|x86.ActiveCfg = Release|x86
		{DE631376-A180-4931-BFB4-089ED14E4825}.Release|x86.Build.0 = Release|x86
		{DE631376-A180-4931-BFB4-089ED14E4825}.Release|x86.Deploy.0 = Release|x86
		{2FAEA06B-DBCA-4BD7-8BC5-B72EE15C5B53}.Ad-Hoc|Any CPU.ActiveCfg = Debug|Any CPU
		{2FAEA06B-DBCA-4BD7-8BC5-B72EE15C5B53}.Ad-Hoc|Any CPU.Build.0 = Debug|Any CPU
		{2FAEA06B-DBCA-4BD7-8BC5-B72EE15C5B53}.Ad-Hoc|ARM.ActiveCfg = Debug|Any CPU
		{2FAEA06B-DBCA-4BD7-8BC5-B72EE15C5B53}.Ad-Hoc|ARM.Build.0 = Debug|Any CPU
		{2FAEA06B-DBCA-4BD7-8BC5-B72EE15C5B53}.Ad-Hoc|iPhone.ActiveCfg = Debug|Any CPU
		{2FAEA06B-DBCA-4BD7-8BC5-B72EE15C5B53}.Ad-Hoc|iPhone.Build.0 = Debug|Any CPU
		{2FAEA06B-DBCA-4BD7-8BC5-B72EE15C5B53}.Ad-Hoc|iPhoneSimulator.ActiveCfg = Debug|Any CPU
		{2FAEA06B-DBCA-4BD7-8BC5-B72EE15C5B53}.Ad-Hoc|iPhoneSimulator.Build.0 = Debug|Any CPU
		{2FAEA06B-DBCA-4BD7-8BC5-B72EE15C5B53}.Ad-Hoc|x64.ActiveCfg = Debug|Any CPU
		{2FAEA06B-DBCA-4BD7-8BC5-B72EE15C5B53}.Ad-Hoc|x64.Build.0 = Debug|Any CPU
		{2FAEA06B-DBCA-4BD7-8BC5-B72EE15C5B53}.Ad-Hoc|x86.ActiveCfg = Debug|Any CPU
		{2FAEA06B-DBCA-4BD7-8BC5-B72EE15C5B53}.Ad-Hoc|x86.Build.0 = Debug|Any CPU
		{2FAEA06B-DBCA-4BD7-8BC5-B72EE15C5B53}.AppStore|Any CPU.ActiveCfg = Debug|Any CPU
		{2FAEA06B-DBCA-4BD7-8BC5-B72EE15C5B53}.AppStore|Any CPU.Build.0 = Debug|Any CPU
		{2FAEA06B-DBCA-4BD7-8BC5-B72EE15C5B53}.AppStore|ARM.ActiveCfg = Debug|Any CPU
		{2FAEA06B-DBCA-4BD7-8BC5-B72EE15C5B53}.AppStore|ARM.Build.0 = Debug|Any CPU
		{2FAEA06B-DBCA-4BD7-8BC5-B72EE15C5B53}.AppStore|iPhone.ActiveCfg = Debug|Any CPU
		{2FAEA06B-DBCA-4BD7-8BC5-B72EE15C5B53}.AppStore|iPhone.Build.0 = Debug|Any CPU
		{2FAEA06B-DBCA-4BD7-8BC5-B72EE15C5B53}.AppStore|iPhoneSimulator.ActiveCfg = Debug|Any CPU
		{2FAEA06B-DBCA-4BD7-8BC5-B72EE15C5B53}.AppStore|iPhoneSimulator.Build.0 = Debug|Any CPU
		{2FAEA06B-DBCA-4BD7-8BC5-B72EE15C5B53}.AppStore|x64.ActiveCfg = Debug|Any CPU
		{2FAEA06B-DBCA-4BD7-8BC5-B72EE15C5B53}.AppStore|x64.Build.0 = Debug|Any CPU
		{2FAEA06B-DBCA-4BD7-8BC5-B72EE15C5B53}.AppStore|x86.ActiveCfg = Debug|Any CPU
		{2FAEA06B-DBCA-4BD7-8BC5-B72EE15C5B53}.AppStore|x86.Build.0 = Debug|Any CPU
		{2FAEA06B-DBCA-4BD7-8BC5-B72EE15C5B53}.Debug|Any CPU.ActiveCfg = Debug|Any CPU
		{2FAEA06B-DBCA-4BD7-8BC5-B72EE15C5B53}.Debug|Any CPU.Build.0 = Debug|Any CPU
		{2FAEA06B-DBCA-4BD7-8BC5-B72EE15C5B53}.Debug|ARM.ActiveCfg = Debug|Any CPU
		{2FAEA06B-DBCA-4BD7-8BC5-B72EE15C5B53}.Debug|ARM.Build.0 = Debug|Any CPU
		{2FAEA06B-DBCA-4BD7-8BC5-B72EE15C5B53}.Debug|iPhone.ActiveCfg = Debug|Any CPU
		{2FAEA06B-DBCA-4BD7-8BC5-B72EE15C5B53}.Debug|iPhone.Build.0 = Debug|Any CPU
		{2FAEA06B-DBCA-4BD7-8BC5-B72EE15C5B53}.Debug|iPhoneSimulator.ActiveCfg = Debug|Any CPU
		{2FAEA06B-DBCA-4BD7-8BC5-B72EE15C5B53}.Debug|iPhoneSimulator.Build.0 = Debug|Any CPU
		{2FAEA06B-DBCA-4BD7-8BC5-B72EE15C5B53}.Debug|x64.ActiveCfg = Debug|Any CPU
		{2FAEA06B-DBCA-4BD7-8BC5-B72EE15C5B53}.Debug|x64.Build.0 = Debug|Any CPU
		{2FAEA06B-DBCA-4BD7-8BC5-B72EE15C5B53}.Debug|x86.ActiveCfg = Debug|Any CPU
		{2FAEA06B-DBCA-4BD7-8BC5-B72EE15C5B53}.Debug|x86.Build.0 = Debug|Any CPU
		{2FAEA06B-DBCA-4BD7-8BC5-B72EE15C5B53}.Release|Any CPU.ActiveCfg = Release|Any CPU
		{2FAEA06B-DBCA-4BD7-8BC5-B72EE15C5B53}.Release|Any CPU.Build.0 = Release|Any CPU
		{2FAEA06B-DBCA-4BD7-8BC5-B72EE15C5B53}.Release|ARM.ActiveCfg = Release|Any CPU
		{2FAEA06B-DBCA-4BD7-8BC5-B72EE15C5B53}.Release|ARM.Build.0 = Release|Any CPU
		{2FAEA06B-DBCA-4BD7-8BC5-B72EE15C5B53}.Release|iPhone.ActiveCfg = Release|Any CPU
		{2FAEA06B-DBCA-4BD7-8BC5-B72EE15C5B53}.Release|iPhone.Build.0 = Release|Any CPU
		{2FAEA06B-DBCA-4BD7-8BC5-B72EE15C5B53}.Release|iPhoneSimulator.ActiveCfg = Release|Any CPU
		{2FAEA06B-DBCA-4BD7-8BC5-B72EE15C5B53}.Release|iPhoneSimulator.Build.0 = Release|Any CPU
		{2FAEA06B-DBCA-4BD7-8BC5-B72EE15C5B53}.Release|x64.ActiveCfg = Release|Any CPU
		{2FAEA06B-DBCA-4BD7-8BC5-B72EE15C5B53}.Release|x64.Build.0 = Release|Any CPU
		{2FAEA06B-DBCA-4BD7-8BC5-B72EE15C5B53}.Release|x86.ActiveCfg = Release|Any CPU
		{2FAEA06B-DBCA-4BD7-8BC5-B72EE15C5B53}.Release|x86.Build.0 = Release|Any CPU
	EndGlobalSection
	GlobalSection(SolutionProperties) = preSolution
		HideSolutionNode = FALSE
	EndGlobalSection
	GlobalSection(ExtensibilityGlobals) = postSolution
		SolutionGuid = {26FE7818-CD77-4FD0-A3D3-3299D50B46C6}
	EndGlobalSection
EndGlobal
